
Microsoft Visual Studio Solution File, Format Version 12.00
# Visual Studio Version 17
VisualStudioVersion = 17.9.34622.214
MinimumVisualStudioVersion = 10.0.40219.1
Project("{FAE04EC0-301F-11D3-BF4B-00C04F79EFBC}") = "ZaliczenieJednaOsoba", "ZaliczenieJednaOsoba.csproj", "{DD305D79-1352-446C-B14B-191ACB3C0D4C}"
EndProject
Global
	GlobalSection(SolutionConfigurationPlatforms) = preSolution
		Debug|Any CPU = Debug|Any CPU
		Release|Any CPU = Release|Any CPU
	EndGlobalSection
	GlobalSection(ProjectConfigurationPlatforms) = postSolution
		{DD305D79-1352-446C-B14B-191ACB3C0D4C}.Debug|Any CPU.ActiveCfg = Debug|Any CPU
		{DD305D79-1352-446C-B14B-191ACB3C0D4C}.Debug|Any CPU.Build.0 = Debug|Any CPU
		{DD305D79-1352-446C-B14B-191ACB3C0D4C}.Release|Any CPU.ActiveCfg = Release|Any CPU
		{DD305D79-1352-446C-B14B-191ACB3C0D4C}.Release|Any CPU.Build.0 = Release|Any CPU
	EndGlobalSection
	GlobalSection(SolutionProperties) = preSolution
		HideSolutionNode = FALSE
	EndGlobalSection
	GlobalSection(ExtensibilityGlobals) = postSolution
		SolutionGuid = {12CC0C3F-B134-49C2-B48A-B3B8827DE2D7}
	EndGlobalSection
EndGlobal
